// !$*UTF8*$!
{
	archiveVersion = 1;
	classes = {
	};
	objectVersion = 46;
	objects = {

/* Begin PBXBuildFile section */
		86985B021B1A5D21003CD23A /* AppDelegate.swift in Sources */ = {isa = PBXBuildFile; fileRef = 86985B011B1A5D21003CD23A /* AppDelegate.swift */; };
		86985B041B1A5D21003CD23A /* ViewController.swift in Sources */ = {isa = PBXBuildFile; fileRef = 86985B031B1A5D21003CD23A /* ViewController.swift */; };
		86985B071B1A5D21003CD23A /* Main.storyboard in Resources */ = {isa = PBXBuildFile; fileRef = 86985B051B1A5D21003CD23A /* Main.storyboard */; };
		86985B091B1A5D21003CD23A /* Images.xcassets in Resources */ = {isa = PBXBuildFile; fileRef = 86985B081B1A5D21003CD23A /* Images.xcassets */; };
		86985B0C1B1A5D21003CD23A /* LaunchScreen.xib in Resources */ = {isa = PBXBuildFile; fileRef = 86985B0A1B1A5D21003CD23A /* LaunchScreen.xib */; };
		86985B181B1A5D22003CD23A /* Tumblr_AppTests.swift in Sources */ = {isa = PBXBuildFile; fileRef = 86985B171B1A5D22003CD23A /* Tumblr_AppTests.swift */; };
/* End PBXBuildFile section */

/* Begin PBXContainerItemProxy section */
		86985B121B1A5D22003CD23A /* PBXContainerItemProxy */ = {
			isa = PBXContainerItemProxy;
			containerPortal = 86985AF41B1A5D21003CD23A /* Project object */;
			proxyType = 1;
			remoteGlobalIDString = 86985AFB1B1A5D21003CD23A;
			remoteInfo = "Tumblr-App";
		};
/* End PBXContainerItemProxy section */

/* Begin PBXFileReference section */
		86985AFC1B1A5D21003CD23A /* Tumblr-App.app */ = {isa = PBXFileReference; explicitFileType = wrapper.application; includeInIndex = 0; path = "Tumblr-App.app"; sourceTree = BUILT_PRODUCTS_DIR; };
		86985B001B1A5D21003CD23A /* Info.plist */ = {isa = PBXFileReference; lastKnownFileType = text.plist.xml; path = Info.plist; sourceTree = "<group>"; };
		86985B011B1A5D21003CD23A /* AppDelegate.swift */ = {isa = PBXFileReference; lastKnownFileType = sourcecode.swift; path = AppDelegate.swift; sourceTree = "<group>"; };
		86985B031B1A5D21003CD23A /* ViewController.swift */ = {isa = PBXFileReference; lastKnownFileType = sourcecode.swift; path = ViewController.swift; sourceTree = "<group>"; };
		86985B061B1A5D21003CD23A /* Base */ = {isa = PBXFileReference; lastKnownFileType = file.storyboard; name = Base; path = Base.lproj/Main.storyboard; sourceTree = "<group>"; };
		86985B081B1A5D21003CD23A /* Images.xcassets */ = {isa = PBXFileReference; lastKnownFileType = folder.assetcatalog; path = Images.xcassets; sourceTree = "<group>"; };
		86985B0B1B1A5D21003CD23A /* Base */ = {isa = PBXFileReference; lastKnownFileType = file.xib; name = Base; path = Base.lproj/LaunchScreen.xib; sourceTree = "<group>"; };
		86985B111B1A5D22003CD23A /* Tumblr-AppTests.xctest */ = {isa = PBXFileReference; explicitFileType = wrapper.cfbundle; includeInIndex = 0; path = "Tumblr-AppTests.xctest"; sourceTree = BUILT_PRODUCTS_DIR; };
		86985B161B1A5D22003CD23A /* Info.plist */ = {isa = PBXFileReference; lastKnownFileType = text.plist.xml; path = Info.plist; sourceTree = "<group>"; };
		86985B171B1A5D22003CD23A /* Tumblr_AppTests.swift */ = {isa = PBXFileReference; lastKnownFileType = sourcecode.swift; path = Tumblr_AppTests.swift; sourceTree = "<group>"; };
/* End PBXFileReference section */

/* Begin PBXFrameworksBuildPhase section */
		86985AF91B1A5D21003CD23A /* Frameworks */ = {
			isa = PBXFrameworksBuildPhase;
			buildActionMask = 2147483647;
			files = (
			);
			runOnlyForDeploymentPostprocessing = 0;
		};
		86985B0E1B1A5D22003CD23A /* Frameworks */ = {
			isa = PBXFrameworksBuildPhase;
			buildActionMask = 2147483647;
			files = (
			);
			runOnlyForDeploymentPostprocessing = 0;
		};
/* End PBXFrameworksBuildPhase section */

/* Begin PBXGroup section */
		86985AF31B1A5D21003CD23A = {
			isa = PBXGroup;
			children = (
				86985AFE1B1A5D21003CD23A /* Tumblr-App */,
				86985B141B1A5D22003CD23A /* Tumblr-AppTests */,
				86985AFD1B1A5D21003CD23A /* Products */,
			);
			sourceTree = "<group>";
		};
		86985AFD1B1A5D21003CD23A /* Products */ = {
			isa = PBXGroup;
			children = (
				86985AFC1B1A5D21003CD23A /* Tumblr-App.app */,
				86985B111B1A5D22003CD23A /* Tumblr-AppTests.xctest */,
			);
			name = Products;
			sourceTree = "<group>";
		};
		86985AFE1B1A5D21003CD23A /* Tumblr-App */ = {
			isa = PBXGroup;
			children = (
				86985B011B1A5D21003CD23A /* AppDelegate.swift */,
				86985B031B1A5D21003CD23A /* ViewController.swift */,
				86985B051B1A5D21003CD23A /* Main.storyboard */,
				86985B081B1A5D21003CD23A /* Images.xcassets */,
				86985B0A1B1A5D21003CD23A /* LaunchScreen.xib */,
				86985AFF1B1A5D21003CD23A /* Supporting Files */,
			);
			path = "Tumblr-App";
			sourceTree = "<group>";
		};
		86985AFF1B1A5D21003CD23A /* Supporting Files */ = {
			isa = PBXGroup;
			children = (
				86985B001B1A5D21003CD23A /* Info.plist */,
			);
			name = "Supporting Files";
			sourceTree = "<group>";
		};
		86985B141B1A5D22003CD23A /* Tumblr-AppTests */ = {
			isa = PBXGroup;
			children = (
				86985B171B1A5D22003CD23A /* Tumblr_AppTests.swift */,
				86985B151B1A5D22003CD23A /* Supporting Files */,
			);
			path = "Tumblr-AppTests";
			sourceTree = "<group>";
		};
		86985B151B1A5D22003CD23A /* Supporting Files */ = {
			isa = PBXGroup;
			children = (
				86985B161B1A5D22003CD23A /* Info.plist */,
			);
			name = "Supporting Files";
			sourceTree = "<group>";
		};
/* End PBXGroup section */

/* Begin PBXNativeTarget section */
		86985AFB1B1A5D21003CD23A /* Tumblr-App */ = {
			isa = PBXNativeTarget;
			buildConfigurationList = 86985B1B1B1A5D22003CD23A /* Build configuration list for PBXNativeTarget "Tumblr-App" */;
			buildPhases = (
				86985AF81B1A5D21003CD23A /* Sources */,
				86985AF91B1A5D21003CD23A /* Frameworks */,
				86985AFA1B1A5D21003CD23A /* Resources */,
			);
			buildRules = (
			);
			dependencies = (
			);
			name = "Tumblr-App";
			productName = "Tumblr-App";
			productReference = 86985AFC1B1A5D21003CD23A /* Tumblr-App.app */;
			productType = "com.apple.product-type.application";
		};
		86985B101B1A5D22003CD23A /* Tumblr-AppTests */ = {
			isa = PBXNativeTarget;
			buildConfigurationList = 86985B1E1B1A5D22003CD23A /* Build configuration list for PBXNativeTarget "Tumblr-AppTests" */;
			buildPhases = (
				86985B0D1B1A5D22003CD23A /* Sources */,
				86985B0E1B1A5D22003CD23A /* Frameworks */,
				86985B0F1B1A5D22003CD23A /* Resources */,
			);
			buildRules = (
			);
			dependencies = (
				86985B131B1A5D22003CD23A /* PBXTargetDependency */,
			);
			name = "Tumblr-AppTests";
			productName = "Tumblr-AppTests";
			productReference = 86985B111B1A5D22003CD23A /* Tumblr-AppTests.xctest */;
			productType = "com.apple.product-type.bundle.unit-test";
		};
/* End PBXNativeTarget section */

/* Begin PBXProject section */
		86985AF41B1A5D21003CD23A /* Project object */ = {
			isa = PBXProject;
			attributes = {
				LastUpgradeCheck = 0610;
				ORGANIZATIONNAME = carloscheung;
				TargetAttributes = {
					86985AFB1B1A5D21003CD23A = {
						CreatedOnToolsVersion = 6.1.1;
					};
					86985B101B1A5D22003CD23A = {
						CreatedOnToolsVersion = 6.1.1;
						TestTargetID = 86985AFB1B1A5D21003CD23A;
					};
				};
			};
			buildConfigurationList = 86985AF71B1A5D21003CD23A /* Build configuration list for PBXProject "Tumblr-App" */;
			compatibilityVersion = "Xcode 3.2";
			developmentRegion = English;
			hasScannedForEncodings = 0;
			knownRegions = (
				en,
				Base,
			);
			mainGroup = 86985AF31B1A5D21003CD23A;
			productRefGroup = 86985AFD1B1A5D21003CD23A /* Products */;
			projectDirPath = "";
			projectRoot = "";
			targets = (
				86985AFB1B1A5D21003CD23A /* Tumblr-App */,
				86985B101B1A5D22003CD23A /* Tumblr-AppTests */,
			);
		};
/* End PBXProject section */

/* Begin PBXResourcesBuildPhase section */
		86985AFA1B1A5D21003CD23A /* Resources */ = {
			isa = PBXResourcesBuildPhase;
			buildActionMask = 2147483647;
			files = (
				86985B071B1A5D21003CD23A /* Main.storyboard in Resources */,
				86985B0C1B1A5D21003CD23A /* LaunchScreen.xib in Resources */,
				86985B091B1A5D21003CD23A /* Images.xcassets in Resources */,
			);
			runOnlyForDeploymentPostprocessing = 0;
		};
		86985B0F1B1A5D22003CD23A /* Resources */ = {
			isa = PBXResourcesBuildPhase;
			buildActionMask = 2147483647;
			files = (
			);
			runOnlyForDeploymentPostprocessing = 0;
		};
/* End PBXResourcesBuildPhase section */

/* Begin PBXSourcesBuildPhase section */
		86985AF81B1A5D21003CD23A /* Sources */ = {
			isa = PBXSourcesBuildPhase;
			buildActionMask = 2147483647;
			files = (
				86985B041B1A5D21003CD23A /* ViewController.swift in Sources */,
				86985B021B1A5D21003CD23A /* AppDelegate.swift in Sources */,
			);
			runOnlyForDeploymentPostprocessing = 0;
		};
		86985B0D1B1A5D22003CD23A /* Sources */ = {
			isa = PBXSourcesBuildPhase;
			buildActionMask = 2147483647;
			files = (
				86985B181B1A5D22003CD23A /* Tumblr_AppTests.swift in Sources */,
			);
			runOnlyForDeploymentPostprocessing = 0;
		};
/* End PBXSourcesBuildPhase section */

/* Begin PBXTargetDependency section */
		86985B131B1A5D22003CD23A /* PBXTargetDependency */ = {
			isa = PBXTargetDependency;
			target = 86985AFB1B1A5D21003CD23A /* Tumblr-App */;
			targetProxy = 86985B121B1A5D22003CD23A /* PBXContainerItemProxy */;
		};
/* End PBXTargetDependency section */

/* Begin PBXVariantGroup section */
		86985B051B1A5D21003CD23A /* Main.storyboard */ = {
			isa = PBXVariantGroup;
			children = (
				86985B061B1A5D21003CD23A /* Base */,
			);
			name = Main.storyboard;
			sourceTree = "<group>";
		};
		86985B0A1B1A5D21003CD23A /* LaunchScreen.xib */ = {
			isa = PBXVariantGroup;
			children = (
				86985B0B1B1A5D21003CD23A /* Base */,
			);
			name = LaunchScreen.xib;
			sourceTree = "<group>";
		};
/* End PBXVariantGroup section */

/* Begin XCBuildConfiguration section */
		86985B191B1A5D22003CD23A /* Debug */ = {
			isa = XCBuildConfiguration;
			buildSettings = {
				ALWAYS_SEARCH_USER_PATHS = NO;
				CLANG_CXX_LANGUAGE_STANDARD = "gnu++0x";
				CLANG_CXX_LIBRARY = "libc++";
				CLANG_ENABLE_MODULES = YES;
				CLANG_ENABLE_OBJC_ARC = YES;
				CLANG_WARN_BOOL_CONVERSION = YES;
				CLANG_WARN_CONSTANT_CONVERSION = YES;
				CLANG_WARN_DIRECT_OBJC_ISA_USAGE = YES_ERROR;
				CLANG_WARN_EMPTY_BODY = YES;
				CLANG_WARN_ENUM_CONVERSION = YES;
				CLANG_WARN_INT_CONVERSION = YES;
				CLANG_WARN_OBJC_ROOT_CLASS = YES_ERROR;
				CLANG_WARN_UNREACHABLE_CODE = YES;
				CLANG_WARN__DUPLICATE_METHOD_MATCH = YES;
				"CODE_SIGN_IDENTITY[sdk=iphoneos*]" = "iPhone Developer";
				COPY_PHASE_STRIP = NO;
				ENABLE_STRICT_OBJC_MSGSEND = YES;
				GCC_C_LANGUAGE_STANDARD = gnu99;
				GCC_DYNAMIC_NO_PIC = NO;
				GCC_OPTIMIZATION_LEVEL = 0;
				GCC_PREPROCESSOR_DEFINITIONS = (
					"DEBUG=1",
					"$(inherited)",
				);
				GCC_SYMBOLS_PRIVATE_EXTERN = NO;
				GCC_WARN_64_TO_32_BIT_CONVERSION = YES;
				GCC_WARN_ABOUT_RETURN_TYPE = YES_ERROR;
				GCC_WARN_UNDECLARED_SELECTOR = YES;
				GCC_WARN_UNINITIALIZED_AUTOS = YES_AGGRESSIVE;
				GCC_WARN_UNUSED_FUNCTION = YES;
				GCC_WARN_UNUSED_VARIABLE = YES;
				IPHONEOS_DEPLOYMENT_TARGET = 8.1;
				MTL_ENABLE_DEBUG_INFO = YES;
				ONLY_ACTIVE_ARCH = YES;
				SDKROOT = iphoneos;
				SWIFT_OPTIMIZATION_LEVEL = "-Onone";
			};
			name = Debug;
		};
		86985B1A1B1A5D22003CD23A /* Release */ = {
			isa = XCBuildConfiguration;
			buildSettings = {
				ALWAYS_SEARCH_USER_PATHS = NO;
				CLANG_CXX_LANGUAGE_STANDARD = "gnu++0x";
				CLANG_CXX_LIBRARY = "libc++";
				CLANG_ENABLE_MODULES = YES;
				CLANG_ENABLE_OBJC_ARC = YES;
				CLANG_WARN_BOOL_CONVERSION = YES;
				CLANG_WARN_CONSTANT_CONVERSION = YES;
				CLANG_WARN_DIRECT_OBJC_ISA_USAGE = YES_ERROR;
				CLANG_WARN_EMPTY_BODY = YES;
				CLANG_WARN_ENUM_CONVERSION = YES;
				CLANG_WARN_INT_CONVERSION = YES;
				CLANG_WARN_OBJC_ROOT_CLASS = YES_ERROR;
				CLANG_WARN_UNREACHABLE_CODE = YES;
				CLANG_WARN__DUPLICATE_METHOD_MATCH = YES;
				"CODE_SIGN_IDENTITY[sdk=iphoneos*]" = "iPhone Developer";
				COPY_PHASE_STRIP = YES;
				ENABLE_NS_ASSERTIONS = NO;
				ENABLE_STRICT_OBJC_MSGSEND = YES;
				GCC_C_LANGUAGE_STANDARD = gnu99;
				GCC_WARN_64_TO_32_BIT_CONVERSION = YES;
				GCC_WARN_ABOUT_RETURN_TYPE = YES_ERROR;
				GCC_WARN_UNDECLARED_SELECTOR = YES;
				GCC_WARN_UNINITIALIZED_AUTOS = YES_AGGRESSIVE;
				GCC_WARN_UNUSED_FUNCTION = YES;
				GCC_WARN_UNUSED_VARIABLE = YES;
				IPHONEOS_DEPLOYMENT_TARGET = 8.1;
				MTL_ENABLE_DEBUG_INFO = NO;
				SDKROOT = iphoneos;
				VALIDATE_PRODUCT = YES;
			};
			name = Release;
		};
		86985B1C1B1A5D22003CD23A /* Debug */ = {
			isa = XCBuildConfiguration;
			buildSettings = {
				ASSETCATALOG_COMPILER_APPICON_NAME = AppIcon;
				INFOPLIST_FILE = "Tumblr-App/Info.plist";
				LD_RUNPATH_SEARCH_PATHS = "$(inherited) @executable_path/Frameworks";
				PRODUCT_NAME = "$(TARGET_NAME)";
			};
			name = Debug;
		};
		86985B1D1B1A5D22003CD23A /* Release */ = {
			isa = XCBuildConfiguration;
			buildSettings = {
				ASSETCATALOG_COMPILER_APPICON_NAME = AppIcon;
				INFOPLIST_FILE = "Tumblr-App/Info.plist";
				LD_RUNPATH_SEARCH_PATHS = "$(inherited) @executable_path/Frameworks";
				PRODUCT_NAME = "$(TARGET_NAME)";
			};
			name = Release;
		};
		86985B1F1B1A5D22003CD23A /* Debug */ = {
			isa = XCBuildConfiguration;
			buildSettings = {
				BUNDLE_LOADER = "$(TEST_HOST)";
				FRAMEWORK_SEARCH_PATHS = (
					"$(SDKROOT)/Developer/Library/Frameworks",
					"$(inherited)",
				);
				GCC_PREPROCESSOR_DEFINITIONS = (
					"DEBUG=1",
					"$(inherited)",
				);
				INFOPLIST_FILE = "Tumblr-AppTests/Info.plist";
				LD_RUNPATH_SEARCH_PATHS = "$(inherited) @executable_path/Frameworks @loader_path/Frameworks";
				PRODUCT_NAME = "$(TARGET_NAME)";
				TEST_HOST = "$(BUILT_PRODUCTS_DIR)/Tumblr-App.app/Tumblr-App";
			};
			name = Debug;
		};
		86985B201B1A5D22003CD23A /* Release */ = {
			isa = XCBuildConfiguration;
			buildSettings = {
				BUNDLE_LOADER = "$(TEST_HOST)";
				FRAMEWORK_SEARCH_PATHS = (
					"$(SDKROOT)/Developer/Library/Frameworks",
					"$(inherited)",
				);
				INFOPLIST_FILE = "Tumblr-AppTests/Info.plist";
				LD_RUNPATH_SEARCH_PATHS = "$(inherited) @executable_path/Frameworks @loader_path/Frameworks";
				PRODUCT_NAME = "$(TARGET_NAME)";
				TEST_HOST = "$(BUILT_PRODUCTS_DIR)/Tumblr-App.app/Tumblr-App";
			};
			name = Release;
		};
/* End XCBuildConfiguration section */

/* Begin XCConfigurationList section */
		86985AF71B1A5D21003CD23A /* Build configuration list for PBXProject "Tumblr-App" */ = {
			isa = XCConfigurationList;
			buildConfigurations = (
				86985B191B1A5D22003CD23A /* Debug */,
				86985B1A1B1A5D22003CD23A /* Release */,
			);
			defaultConfigurationIsVisible = 0;
			defaultConfigurationName = Release;
		};
		86985B1B1B1A5D22003CD23A /* Build configuration list for PBXNativeTarget "Tumblr-App" */ = {
			isa = XCConfigurationList;
			buildConfigurations = (
				86985B1C1B1A5D22003CD23A /* Debug */,
				86985B1D1B1A5D22003CD23A /* Release */,
			);
			defaultConfigurationIsVisible = 0;
		};
		86985B1E1B1A5D22003CD23A /* Build configuration list for PBXNativeTarget "Tumblr-AppTests" */ = {
			isa = XCConfigurationList;
			buildConfigurations = (
				86985B1F1B1A5D22003CD23A /* Debug */,
				86985B201B1A5D22003CD23A /* Release */,
			);
			defaultConfigurationIsVisible = 0;
		};
/* End XCConfigurationList section */
	};
	rootObject = 86985AF41B1A5D21003CD23A /* Project object */;
}
